
Microsoft Visual Studio Solution File, Format Version 12.00
# Visual Studio Version 17
VisualStudioVersion = 17.8.34322.80
MinimumVisualStudioVersion = 10.0.40219.1
Project("{8BC9CEB8-8B4A-11D0-8D11-00A0C91BC942}") = "01_OverloadOperators", "01_OverloadOperators\01_OverloadOperators.vcxproj", "{67EAB534-D061-4292-9DA4-D6D329BA2F6E}"
EndProject
Project("{8BC9CEB8-8B4A-11D0-8D11-00A0C91BC942}") = "02_HomStudents", "02_HomStudents\02_HomStudents.vcxproj", "{7735BC6E-6F25-4E79-AE6A-81F4C1FEFFB3}"
EndProject
Project("{8BC9CEB8-8B4A-11D0-8D11-00A0C91BC942}") = "03_Explicit", "03_Explicit\03_Explicit.vcxproj", "{0FFECBFB-A500-4B1F-8C31-8D9A2B0AE508}"
EndProject
Project("{8BC9CEB8-8B4A-11D0-8D11-00A0C91BC942}") = "04_OverloadTypes", "04_OverloadTypes\04_OverloadTypes.vcxproj", "{3EEBB781-716A-4AEF-9913-68971B5373F4}"
EndProject
Project("{8BC9CEB8-8B4A-11D0-8D11-00A0C91BC942}") = "05_MoveConstructor", "05_MoveConstructor\05_MoveConstructor.vcxproj", "{69A39BE9-80BC-4B2F-B185-126132A1DFEF}"
EndProject
Project("{8BC9CEB8-8B4A-11D0-8D11-00A0C91BC942}") = "06_TemplateClass", "06_TemplateClass\06_TemplateClass.vcxproj", "{352D5463-E706-41F0-B83C-183D2714118B}"
EndProject
Project("{8BC9CEB8-8B4A-11D0-8D11-00A0C91BC942}") = "07_InitializerList", "07_InitializerList\07_InitializerList.vcxproj", "{120EF38F-8171-4ED8-85CC-8CBC6C8F8207}"
EndProject
Project("{8BC9CEB8-8B4A-11D0-8D11-00A0C91BC942}") = "08_QueueWithPriority", "08_QueueWithPriority\08_QueueWithPriority.vcxproj", "{82CF3A90-6DFB-4B3E-8C81-BF4CBF1D3787}"
EndProject
Project("{8BC9CEB8-8B4A-11D0-8D11-00A0C91BC942}") = "09_Stack", "09_Stack\09_Stack.vcxproj", "{BAEA01A6-A47D-4DBC-BCD2-8B6D13CCA558}"
EndProject
Project("{8BC9CEB8-8B4A-11D0-8D11-00A0C91BC942}") = "10_SingleLinkeList", "10_SingleLinkeList\10_SingleLinkeList.vcxproj", "{B9EFFB87-2995-4F1D-9DE3-D0FB47FA945A}"
EndProject
Project("{8BC9CEB8-8B4A-11D0-8D11-00A0C91BC942}") = "Test", "Test\Test.vcxproj", "{69BE87EB-9AE7-4A63-B602-28925C3C568D}"
EndProject
Project("{8BC9CEB8-8B4A-11D0-8D11-00A0C91BC942}") = "11_DoubleLinkedList", "11_DoubleLinkedList\11_DoubleLinkedList.vcxproj", "{F64DC14B-760E-4682-8637-707C7D72979D}"
EndProject
Project("{8BC9CEB8-8B4A-11D0-8D11-00A0C91BC942}") = "12_BinaryTree", "12_BinaryTree\12_BinaryTree.vcxproj", "{1CC63F0C-E87A-4C56-94AA-A38C005A69B5}"
EndProject
Project("{8BC9CEB8-8B4A-11D0-8D11-00A0C91BC942}") = "13_Inheritance", "13_Inheritance\13_Inheritance.vcxproj", "{9D5ACA07-2944-4D7A-AB24-81E63CFF6B2B}"
EndProject
Project("{8BC9CEB8-8B4A-11D0-8D11-00A0C91BC942}") = "14_Polimorphism", "14_Polimorphism\14_Polimorphism.vcxproj", "{88A31138-29CC-4CD8-AE2B-06D3E4C6F376}"
EndProject
Project("{8BC9CEB8-8B4A-11D0-8D11-00A0C91BC942}") = "15_AbstractClass", "15_AbstractClass\15_AbstractClass.vcxproj", "{EFD36127-DD2B-4180-B4FB-8111C81E4A9D}"
EndProject
Project("{8BC9CEB8-8B4A-11D0-8D11-00A0C91BC942}") = "16_VirtualDestructor", "16_VirtualDestructor\16_VirtualDestructor.vcxproj", "{06693138-31DD-4A2D-AD5C-2E403334F193}"
EndProject
Project("{8BC9CEB8-8B4A-11D0-8D11-00A0C91BC942}") = "17_PureVirtualDesructor", "17_PureVirtualDesructor\17_PureVirtualDesructor.vcxproj", "{A66D0D03-9470-48D9-A7E3-BFED3680099B}"
EndProject
Project("{8BC9CEB8-8B4A-11D0-8D11-00A0C91BC942}") = "18_MultiInheritance", "18_MultiInheritance\18_MultiInheritance.vcxproj", "{34464B47-2079-4EA1-B695-77941D7151EA}"
EndProject
Project("{8BC9CEB8-8B4A-11D0-8D11-00A0C91BC942}") = "19_AgregationComposition", "19_AgregationComposition\19_AgregationComposition.vcxproj", "{5D5E3CDB-464F-4159-82A0-9A4A72F004FF}"
EndProject
Project("{8BC9CEB8-8B4A-11D0-8D11-00A0C91BC942}") = "20_Exception", "20_WorkWithFile\20_WorkWithFile.vcxproj", "{AE827B06-2E9C-4163-BFB2-EDF439D1C075}"
EndProject
Project("{8BC9CEB8-8B4A-11D0-8D11-00A0C91BC942}") = "21_StandartExeption", "21_StandartExeption\21_StandartExeption.vcxproj", "{77E33E52-2843-4D56-96DB-92EF071B7965}"
EndProject
Project("{8BC9CEB8-8B4A-11D0-8D11-00A0C91BC942}") = "22_Files", "22_Files\22_Files.vcxproj", "{338369EA-B138-4D93-836E-8CB44470C57F}"
EndProject
Global
	GlobalSection(SolutionConfigurationPlatforms) = preSolution
		Debug|x64 = Debug|x64
		Debug|x86 = Debug|x86
		Release|x64 = Release|x64
		Release|x86 = Release|x86
	EndGlobalSection
	GlobalSection(ProjectConfigurationPlatforms) = postSolution
		{67EAB534-D061-4292-9DA4-D6D329BA2F6E}.Debug|x64.ActiveCfg = Debug|x64
		{67EAB534-D061-4292-9DA4-D6D329BA2F6E}.Debug|x64.Build.0 = Debug|x64
		{67EAB534-D061-4292-9DA4-D6D329BA2F6E}.Debug|x86.ActiveCfg = Debug|Win32
		{67EAB534-D061-4292-9DA4-D6D329BA2F6E}.Debug|x86.Build.0 = Debug|Win32
		{67EAB534-D061-4292-9DA4-D6D329BA2F6E}.Release|x64.ActiveCfg = Release|x64
		{67EAB534-D061-4292-9DA4-D6D329BA2F6E}.Release|x64.Build.0 = Release|x64
		{67EAB534-D061-4292-9DA4-D6D329BA2F6E}.Release|x86.ActiveCfg = Release|Win32
		{67EAB534-D061-4292-9DA4-D6D329BA2F6E}.Release|x86.Build.0 = Release|Win32
		{7735BC6E-6F25-4E79-AE6A-81F4C1FEFFB3}.Debug|x64.ActiveCfg = Debug|x64
		{7735BC6E-6F25-4E79-AE6A-81F4C1FEFFB3}.Debug|x64.Build.0 = Debug|x64
		{7735BC6E-6F25-4E79-AE6A-81F4C1FEFFB3}.Debug|x86.ActiveCfg = Debug|Win32
		{7735BC6E-6F25-4E79-AE6A-81F4C1FEFFB3}.Debug|x86.Build.0 = Debug|Win32
		{7735BC6E-6F25-4E79-AE6A-81F4C1FEFFB3}.Release|x64.ActiveCfg = Release|x64
		{7735BC6E-6F25-4E79-AE6A-81F4C1FEFFB3}.Release|x64.Build.0 = Release|x64
		{7735BC6E-6F25-4E79-AE6A-81F4C1FEFFB3}.Release|x86.ActiveCfg = Release|Win32
		{7735BC6E-6F25-4E79-AE6A-81F4C1FEFFB3}.Release|x86.Build.0 = Release|Win32
		{0FFECBFB-A500-4B1F-8C31-8D9A2B0AE508}.Debug|x64.ActiveCfg = Debug|x64
		{0FFECBFB-A500-4B1F-8C31-8D9A2B0AE508}.Debug|x64.Build.0 = Debug|x64
		{0FFECBFB-A500-4B1F-8C31-8D9A2B0AE508}.Debug|x86.ActiveCfg = Debug|Win32
		{0FFECBFB-A500-4B1F-8C31-8D9A2B0AE508}.Debug|x86.Build.0 = Debug|Win32
		{0FFECBFB-A500-4B1F-8C31-8D9A2B0AE508}.Release|x64.ActiveCfg = Release|x64
		{0FFECBFB-A500-4B1F-8C31-8D9A2B0AE508}.Release|x64.Build.0 = Release|x64
		{0FFECBFB-A500-4B1F-8C31-8D9A2B0AE508}.Release|x86.ActiveCfg = Release|Win32
		{0FFECBFB-A500-4B1F-8C31-8D9A2B0AE508}.Release|x86.Build.0 = Release|Win32
		{3EEBB781-716A-4AEF-9913-68971B5373F4}.Debug|x64.ActiveCfg = Debug|x64
		{3EEBB781-716A-4AEF-9913-68971B5373F4}.Debug|x64.Build.0 = Debug|x64
		{3EEBB781-716A-4AEF-9913-68971B5373F4}.Debug|x86.ActiveCfg = Debug|Win32
		{3EEBB781-716A-4AEF-9913-68971B5373F4}.Debug|x86.Build.0 = Debug|Win32
		{3EEBB781-716A-4AEF-9913-68971B5373F4}.Release|x64.ActiveCfg = Release|x64
		{3EEBB781-716A-4AEF-9913-68971B5373F4}.Release|x64.Build.0 = Release|x64
		{3EEBB781-716A-4AEF-9913-68971B5373F4}.Release|x86.ActiveCfg = Release|Win32
		{3EEBB781-716A-4AEF-9913-68971B5373F4}.Release|x86.Build.0 = Release|Win32
		{69A39BE9-80BC-4B2F-B185-126132A1DFEF}.Debug|x64.ActiveCfg = Debug|x64
		{69A39BE9-80BC-4B2F-B185-126132A1DFEF}.Debug|x64.Build.0 = Debug|x64
		{69A39BE9-80BC-4B2F-B185-126132A1DFEF}.Debug|x86.ActiveCfg = Debug|Win32
		{69A39BE9-80BC-4B2F-B185-126132A1DFEF}.Debug|x86.Build.0 = Debug|Win32
		{69A39BE9-80BC-4B2F-B185-126132A1DFEF}.Release|x64.ActiveCfg = Release|x64
		{69A39BE9-80BC-4B2F-B185-126132A1DFEF}.Release|x64.Build.0 = Release|x64
		{69A39BE9-80BC-4B2F-B185-126132A1DFEF}.Release|x86.ActiveCfg = Release|Win32
		{69A39BE9-80BC-4B2F-B185-126132A1DFEF}.Release|x86.Build.0 = Release|Win32
		{352D5463-E706-41F0-B83C-183D2714118B}.Debug|x64.ActiveCfg = Debug|x64
		{352D5463-E706-41F0-B83C-183D2714118B}.Debug|x64.Build.0 = Debug|x64
		{352D5463-E706-41F0-B83C-183D2714118B}.Debug|x86.ActiveCfg = Debug|Win32
		{352D5463-E706-41F0-B83C-183D2714118B}.Debug|x86.Build.0 = Debug|Win32
		{352D5463-E706-41F0-B83C-183D2714118B}.Release|x64.ActiveCfg = Release|x64
		{352D5463-E706-41F0-B83C-183D2714118B}.Release|x64.Build.0 = Release|x64
		{352D5463-E706-41F0-B83C-183D2714118B}.Release|x86.ActiveCfg = Release|Win32
		{352D5463-E706-41F0-B83C-183D2714118B}.Release|x86.Build.0 = Release|Win32
		{120EF38F-8171-4ED8-85CC-8CBC6C8F8207}.Debug|x64.ActiveCfg = Debug|x64
		{120EF38F-8171-4ED8-85CC-8CBC6C8F8207}.Debug|x64.Build.0 = Debug|x64
		{120EF38F-8171-4ED8-85CC-8CBC6C8F8207}.Debug|x86.ActiveCfg = Debug|Win32
		{120EF38F-8171-4ED8-85CC-8CBC6C8F8207}.Debug|x86.Build.0 = Debug|Win32
		{120EF38F-8171-4ED8-85CC-8CBC6C8F8207}.Release|x64.ActiveCfg = Release|x64
		{120EF38F-8171-4ED8-85CC-8CBC6C8F8207}.Release|x64.Build.0 = Release|x64
		{120EF38F-8171-4ED8-85CC-8CBC6C8F8207}.Release|x86.ActiveCfg = Release|Win32
		{120EF38F-8171-4ED8-85CC-8CBC6C8F8207}.Release|x86.Build.0 = Release|Win32
		{82CF3A90-6DFB-4B3E-8C81-BF4CBF1D3787}.Debug|x64.ActiveCfg = Debug|x64
		{82CF3A90-6DFB-4B3E-8C81-BF4CBF1D3787}.Debug|x64.Build.0 = Debug|x64
		{82CF3A90-6DFB-4B3E-8C81-BF4CBF1D3787}.Debug|x86.ActiveCfg = Debug|Win32
		{82CF3A90-6DFB-4B3E-8C81-BF4CBF1D3787}.Debug|x86.Build.0 = Debug|Win32
		{82CF3A90-6DFB-4B3E-8C81-BF4CBF1D3787}.Release|x64.ActiveCfg = Release|x64
		{82CF3A90-6DFB-4B3E-8C81-BF4CBF1D3787}.Release|x64.Build.0 = Release|x64
		{82CF3A90-6DFB-4B3E-8C81-BF4CBF1D3787}.Release|x86.ActiveCfg = Release|Win32
		{82CF3A90-6DFB-4B3E-8C81-BF4CBF1D3787}.Release|x86.Build.0 = Release|Win32
		{BAEA01A6-A47D-4DBC-BCD2-8B6D13CCA558}.Debug|x64.ActiveCfg = Debug|x64
		{BAEA01A6-A47D-4DBC-BCD2-8B6D13CCA558}.Debug|x64.Build.0 = Debug|x64
		{BAEA01A6-A47D-4DBC-BCD2-8B6D13CCA558}.Debug|x86.ActiveCfg = Debug|Win32
		{BAEA01A6-A47D-4DBC-BCD2-8B6D13CCA558}.Debug|x86.Build.0 = Debug|Win32
		{BAEA01A6-A47D-4DBC-BCD2-8B6D13CCA558}.Release|x64.ActiveCfg = Release|x64
		{BAEA01A6-A47D-4DBC-BCD2-8B6D13CCA558}.Release|x64.Build.0 = Release|x64
		{BAEA01A6-A47D-4DBC-BCD2-8B6D13CCA558}.Release|x86.ActiveCfg = Release|Win32
		{BAEA01A6-A47D-4DBC-BCD2-8B6D13CCA558}.Release|x86.Build.0 = Release|Win32
		{B9EFFB87-2995-4F1D-9DE3-D0FB47FA945A}.Debug|x64.ActiveCfg = Debug|x64
		{B9EFFB87-2995-4F1D-9DE3-D0FB47FA945A}.Debug|x64.Build.0 = Debug|x64
		{B9EFFB87-2995-4F1D-9DE3-D0FB47FA945A}.Debug|x86.ActiveCfg = Debug|Win32
		{B9EFFB87-2995-4F1D-9DE3-D0FB47FA945A}.Debug|x86.Build.0 = Debug|Win32
		{B9EFFB87-2995-4F1D-9DE3-D0FB47FA945A}.Release|x64.ActiveCfg = Release|x64
		{B9EFFB87-2995-4F1D-9DE3-D0FB47FA945A}.Release|x64.Build.0 = Release|x64
		{B9EFFB87-2995-4F1D-9DE3-D0FB47FA945A}.Release|x86.ActiveCfg = Release|Win32
		{B9EFFB87-2995-4F1D-9DE3-D0FB47FA945A}.Release|x86.Build.0 = Release|Win32
		{69BE87EB-9AE7-4A63-B602-28925C3C568D}.Debug|x64.ActiveCfg = Debug|x64
		{69BE87EB-9AE7-4A63-B602-28925C3C568D}.Debug|x64.Build.0 = Debug|x64
		{69BE87EB-9AE7-4A63-B602-28925C3C568D}.Debug|x86.ActiveCfg = Debug|Win32
		{69BE87EB-9AE7-4A63-B602-28925C3C568D}.Debug|x86.Build.0 = Debug|Win32
		{69BE87EB-9AE7-4A63-B602-28925C3C568D}.Release|x64.ActiveCfg = Release|x64
		{69BE87EB-9AE7-4A63-B602-28925C3C568D}.Release|x64.Build.0 = Release|x64
		{69BE87EB-9AE7-4A63-B602-28925C3C568D}.Release|x86.ActiveCfg = Release|Win32
		{69BE87EB-9AE7-4A63-B602-28925C3C568D}.Release|x86.Build.0 = Release|Win32
		{F64DC14B-760E-4682-8637-707C7D72979D}.Debug|x64.ActiveCfg = Debug|x64
		{F64DC14B-760E-4682-8637-707C7D72979D}.Debug|x64.Build.0 = Debug|x64
		{F64DC14B-760E-4682-8637-707C7D72979D}.Debug|x86.ActiveCfg = Debug|Win32
		{F64DC14B-760E-4682-8637-707C7D72979D}.Debug|x86.Build.0 = Debug|Win32
		{F64DC14B-760E-4682-8637-707C7D72979D}.Release|x64.ActiveCfg = Release|x64
		{F64DC14B-760E-4682-8637-707C7D72979D}.Release|x64.Build.0 = Release|x64
		{F64DC14B-760E-4682-8637-707C7D72979D}.Release|x86.ActiveCfg = Release|Win32
		{F64DC14B-760E-4682-8637-707C7D72979D}.Release|x86.Build.0 = Release|Win32
		{1CC63F0C-E87A-4C56-94AA-A38C005A69B5}.Debug|x64.ActiveCfg = Debug|x64
		{1CC63F0C-E87A-4C56-94AA-A38C005A69B5}.Debug|x64.Build.0 = Debug|x64
		{1CC63F0C-E87A-4C56-94AA-A38C005A69B5}.Debug|x86.ActiveCfg = Debug|Win32
		{1CC63F0C-E87A-4C56-94AA-A38C005A69B5}.Debug|x86.Build.0 = Debug|Win32
		{1CC63F0C-E87A-4C56-94AA-A38C005A69B5}.Release|x64.ActiveCfg = Release|x64
		{1CC63F0C-E87A-4C56-94AA-A38C005A69B5}.Release|x64.Build.0 = Release|x64
		{1CC63F0C-E87A-4C56-94AA-A38C005A69B5}.Release|x86.ActiveCfg = Release|Win32
		{1CC63F0C-E87A-4C56-94AA-A38C005A69B5}.Release|x86.Build.0 = Release|Win32
		{9D5ACA07-2944-4D7A-AB24-81E63CFF6B2B}.Debug|x64.ActiveCfg = Debug|x64
		{9D5ACA07-2944-4D7A-AB24-81E63CFF6B2B}.Debug|x64.Build.0 = Debug|x64
		{9D5ACA07-2944-4D7A-AB24-81E63CFF6B2B}.Debug|x86.ActiveCfg = Debug|Win32
		{9D5ACA07-2944-4D7A-AB24-81E63CFF6B2B}.Debug|x86.Build.0 = Debug|Win32
		{9D5ACA07-2944-4D7A-AB24-81E63CFF6B2B}.Release|x64.ActiveCfg = Release|x64
		{9D5ACA07-2944-4D7A-AB24-81E63CFF6B2B}.Release|x64.Build.0 = Release|x64
		{9D5ACA07-2944-4D7A-AB24-81E63CFF6B2B}.Release|x86.ActiveCfg = Release|Win32
		{9D5ACA07-2944-4D7A-AB24-81E63CFF6B2B}.Release|x86.Build.0 = Release|Win32
		{88A31138-29CC-4CD8-AE2B-06D3E4C6F376}.Debug|x64.ActiveCfg = Debug|x64
		{88A31138-29CC-4CD8-AE2B-06D3E4C6F376}.Debug|x64.Build.0 = Debug|x64
		{88A31138-29CC-4CD8-AE2B-06D3E4C6F376}.Debug|x86.ActiveCfg = Debug|Win32
		{88A31138-29CC-4CD8-AE2B-06D3E4C6F376}.Debug|x86.Build.0 = Debug|Win32
		{88A31138-29CC-4CD8-AE2B-06D3E4C6F376}.Release|x64.ActiveCfg = Release|x64
		{88A31138-29CC-4CD8-AE2B-06D3E4C6F376}.Release|x64.Build.0 = Release|x64
		{88A31138-29CC-4CD8-AE2B-06D3E4C6F376}.Release|x86.ActiveCfg = Release|Win32
		{88A31138-29CC-4CD8-AE2B-06D3E4C6F376}.Release|x86.Build.0 = Release|Win32
		{EFD36127-DD2B-4180-B4FB-8111C81E4A9D}.Debug|x64.ActiveCfg = Debug|x64
		{EFD36127-DD2B-4180-B4FB-8111C81E4A9D}.Debug|x64.Build.0 = Debug|x64
		{EFD36127-DD2B-4180-B4FB-8111C81E4A9D}.Debug|x86.ActiveCfg = Debug|Win32
		{EFD36127-DD2B-4180-B4FB-8111C81E4A9D}.Debug|x86.Build.0 = Debug|Win32
		{EFD36127-DD2B-4180-B4FB-8111C81E4A9D}.Release|x64.ActiveCfg = Release|x64
		{EFD36127-DD2B-4180-B4FB-8111C81E4A9D}.Release|x64.Build.0 = Release|x64
		{EFD36127-DD2B-4180-B4FB-8111C81E4A9D}.Release|x86.ActiveCfg = Release|Win32
		{EFD36127-DD2B-4180-B4FB-8111C81E4A9D}.Release|x86.Build.0 = Release|Win32
		{06693138-31DD-4A2D-AD5C-2E403334F193}.Debug|x64.ActiveCfg = Debug|x64
		{06693138-31DD-4A2D-AD5C-2E403334F193}.Debug|x64.Build.0 = Debug|x64
		{06693138-31DD-4A2D-AD5C-2E403334F193}.Debug|x86.ActiveCfg = Debug|Win32
		{06693138-31DD-4A2D-AD5C-2E403334F193}.Debug|x86.Build.0 = Debug|Win32
		{06693138-31DD-4A2D-AD5C-2E403334F193}.Release|x64.ActiveCfg = Release|x64
		{06693138-31DD-4A2D-AD5C-2E403334F193}.Release|x64.Build.0 = Release|x64
		{06693138-31DD-4A2D-AD5C-2E403334F193}.Release|x86.ActiveCfg = Release|Win32
		{06693138-31DD-4A2D-AD5C-2E403334F193}.Release|x86.Build.0 = Release|Win32
		{A66D0D03-9470-48D9-A7E3-BFED3680099B}.Debug|x64.ActiveCfg = Debug|x64
		{A66D0D03-9470-48D9-A7E3-BFED3680099B}.Debug|x64.Build.0 = Debug|x64
		{A66D0D03-9470-48D9-A7E3-BFED3680099B}.Debug|x86.ActiveCfg = Debug|Win32
		{A66D0D03-9470-48D9-A7E3-BFED3680099B}.Debug|x86.Build.0 = Debug|Win32
		{A66D0D03-9470-48D9-A7E3-BFED3680099B}.Release|x64.ActiveCfg = Release|x64
		{A66D0D03-9470-48D9-A7E3-BFED3680099B}.Release|x64.Build.0 = Release|x64
		{A66D0D03-9470-48D9-A7E3-BFED3680099B}.Release|x86.ActiveCfg = Release|Win32
		{A66D0D03-9470-48D9-A7E3-BFED3680099B}.Release|x86.Build.0 = Release|Win32
		{34464B47-2079-4EA1-B695-77941D7151EA}.Debug|x64.ActiveCfg = Debug|x64
		{34464B47-2079-4EA1-B695-77941D7151EA}.Debug|x64.Build.0 = Debug|x64
		{34464B47-2079-4EA1-B695-77941D7151EA}.Debug|x86.ActiveCfg = Debug|Win32
		{34464B47-2079-4EA1-B695-77941D7151EA}.Debug|x86.Build.0 = Debug|Win32
		{34464B47-2079-4EA1-B695-77941D7151EA}.Release|x64.ActiveCfg = Release|x64
		{34464B47-2079-4EA1-B695-77941D7151EA}.Release|x64.Build.0 = Release|x64
		{34464B47-2079-4EA1-B695-77941D7151EA}.Release|x86.ActiveCfg = Release|Win32
		{34464B47-2079-4EA1-B695-77941D7151EA}.Release|x86.Build.0 = Release|Win32
		{5D5E3CDB-464F-4159-82A0-9A4A72F004FF}.Debug|x64.ActiveCfg = Debug|x64
		{5D5E3CDB-464F-4159-82A0-9A4A72F004FF}.Debug|x64.Build.0 = Debug|x64
		{5D5E3CDB-464F-4159-82A0-9A4A72F004FF}.Debug|x86.ActiveCfg = Debug|Win32
		{5D5E3CDB-464F-4159-82A0-9A4A72F004FF}.Debug|x86.Build.0 = Debug|Win32
		{5D5E3CDB-464F-4159-82A0-9A4A72F004FF}.Release|x64.ActiveCfg = Release|x64
		{5D5E3CDB-464F-4159-82A0-9A4A72F004FF}.Release|x64.Build.0 = Release|x64
		{5D5E3CDB-464F-4159-82A0-9A4A72F004FF}.Release|x86.ActiveCfg = Release|Win32
		{5D5E3CDB-464F-4159-82A0-9A4A72F004FF}.Release|x86.Build.0 = Release|Win32
		{AE827B06-2E9C-4163-BFB2-EDF439D1C075}.Debug|x64.ActiveCfg = Debug|x64
		{AE827B06-2E9C-4163-BFB2-EDF439D1C075}.Debug|x64.Build.0 = Debug|x64
		{AE827B06-2E9C-4163-BFB2-EDF439D1C075}.Debug|x86.ActiveCfg = Debug|Win32
		{AE827B06-2E9C-4163-BFB2-EDF439D1C075}.Debug|x86.Build.0 = Debug|Win32
		{AE827B06-2E9C-4163-BFB2-EDF439D1C075}.Release|x64.ActiveCfg = Release|x64
		{AE827B06-2E9C-4163-BFB2-EDF439D1C075}.Release|x64.Build.0 = Release|x64
		{AE827B06-2E9C-4163-BFB2-EDF439D1C075}.Release|x86.ActiveCfg = Release|Win32
		{AE827B06-2E9C-4163-BFB2-EDF439D1C075}.Release|x86.Build.0 = Release|Win32
		{77E33E52-2843-4D56-96DB-92EF071B7965}.Debug|x64.ActiveCfg = Debug|x64
		{77E33E52-2843-4D56-96DB-92EF071B7965}.Debug|x64.Build.0 = Debug|x64
		{77E33E52-2843-4D56-96DB-92EF071B7965}.Debug|x86.ActiveCfg = Debug|Win32
		{77E33E52-2843-4D56-96DB-92EF071B7965}.Debug|x86.Build.0 = Debug|Win32
		{77E33E52-2843-4D56-96DB-92EF071B7965}.Release|x64.ActiveCfg = Release|x64
		{77E33E52-2843-4D56-96DB-92EF071B7965}.Release|x64.Build.0 = Release|x64
		{77E33E52-2843-4D56-96DB-92EF071B7965}.Release|x86.ActiveCfg = Release|Win32
		{77E33E52-2843-4D56-96DB-92EF071B7965}.Release|x86.Build.0 = Release|Win32
		{338369EA-B138-4D93-836E-8CB44470C57F}.Debug|x64.ActiveCfg = Debug|x64
		{338369EA-B138-4D93-836E-8CB44470C57F}.Debug|x64.Build.0 = Debug|x64
		{338369EA-B138-4D93-836E-8CB44470C57F}.Debug|x86.ActiveCfg = Debug|Win32
		{338369EA-B138-4D93-836E-8CB44470C57F}.Debug|x86.Build.0 = Debug|Win32
		{338369EA-B138-4D93-836E-8CB44470C57F}.Release|x64.ActiveCfg = Release|x64
		{338369EA-B138-4D93-836E-8CB44470C57F}.Release|x64.Build.0 = Release|x64
		{338369EA-B138-4D93-836E-8CB44470C57F}.Release|x86.ActiveCfg = Release|Win32
		{338369EA-B138-4D93-836E-8CB44470C57F}.Release|x86.Build.0 = Release|Win32
	EndGlobalSection
	GlobalSection(SolutionProperties) = preSolution
		HideSolutionNode = FALSE
	EndGlobalSection
	GlobalSection(ExtensibilityGlobals) = postSolution
		SolutionGuid = {C2D9D484-9279-4C60-A0CC-650104EB8756}
	EndGlobalSection
EndGlobal
